
Microsoft Visual Studio Solution File, Format Version 12.00
# Visual Studio 2012
Project("{FAE04EC0-301F-11D3-BF4B-00C04F79EFBC}") = "LightWandsTest", "Tests\LightWandsTest\LightWandsTest.csproj", "{88A7EB46-42A7-40FF-820B-0DEB51026812}"
EndProject
Project("{2150E333-8FDC-42A3-9474-1A3956D46DE8}") = "Tests", "Tests", "{4D1D3960-F387-4AD3-B101-7E828776C220}"
EndProject
Project("{FAE04EC0-301F-11D3-BF4B-00C04F79EFBC}") = "LightWands.Net45", "Projects\LightWands.Net45\LightWands.Net45.csproj", "{589DA7ED-894F-424D-8A11-B5DFA352AA49}"
EndProject
Project("{FAE04EC0-301F-11D3-BF4B-00C04F79EFBC}") = "LightWands.Portable-Net45+WinRT45+WP8", "Projects\LightWands.Portable-Net45+WinRT45+WP8\LightWands.Portable-Net45+WinRT45+WP8.csproj", "{F4E98C79-A137-4B28-B3AC-89BC76277C42}"
EndProject
Project("{FAE04EC0-301F-11D3-BF4B-00C04F79EFBC}") = "LightWands.Portable-Net40+SL5+WinRT45+WP8", "Projects\LightWands.Portable-Net40+SL5+WinRT45+WP8\LightWands.Portable-Net40+SL5+WinRT45+WP8.csproj", "{7D046A53-25B2-4216-AE16-C9080595AC7A}"
EndProject
Global
	GlobalSection(SolutionConfigurationPlatforms) = preSolution
		Debug|Any CPU = Debug|Any CPU
		Release|Any CPU = Release|Any CPU
	EndGlobalSection
	GlobalSection(ProjectConfigurationPlatforms) = postSolution
		{88A7EB46-42A7-40FF-820B-0DEB51026812}.Debug|Any CPU.ActiveCfg = Debug|Any CPU
		{88A7EB46-42A7-40FF-820B-0DEB51026812}.Debug|Any CPU.Build.0 = Debug|Any CPU
		{88A7EB46-42A7-40FF-820B-0DEB51026812}.Release|Any CPU.ActiveCfg = Release|Any CPU
		{88A7EB46-42A7-40FF-820B-0DEB51026812}.Release|Any CPU.Build.0 = Release|Any CPU
		{589DA7ED-894F-424D-8A11-B5DFA352AA49}.Debug|Any CPU.ActiveCfg = Debug|Any CPU
		{589DA7ED-894F-424D-8A11-B5DFA352AA49}.Debug|Any CPU.Build.0 = Debug|Any CPU
		{589DA7ED-894F-424D-8A11-B5DFA352AA49}.Release|Any CPU.ActiveCfg = Release|Any CPU
		{589DA7ED-894F-424D-8A11-B5DFA352AA49}.Release|Any CPU.Build.0 = Release|Any CPU
		{F4E98C79-A137-4B28-B3AC-89BC76277C42}.Debug|Any CPU.ActiveCfg = Debug|Any CPU
		{F4E98C79-A137-4B28-B3AC-89BC76277C42}.Debug|Any CPU.Build.0 = Debug|Any CPU
		{F4E98C79-A137-4B28-B3AC-89BC76277C42}.Release|Any CPU.ActiveCfg = Release|Any CPU
		{F4E98C79-A137-4B28-B3AC-89BC76277C42}.Release|Any CPU.Build.0 = Release|Any CPU
		{7D046A53-25B2-4216-AE16-C9080595AC7A}.Debug|Any CPU.ActiveCfg = Debug|Any CPU
		{7D046A53-25B2-4216-AE16-C9080595AC7A}.Debug|Any CPU.Build.0 = Debug|Any CPU
		{7D046A53-25B2-4216-AE16-C9080595AC7A}.Release|Any CPU.ActiveCfg = Release|Any CPU
		{7D046A53-25B2-4216-AE16-C9080595AC7A}.Release|Any CPU.Build.0 = Release|Any CPU
	EndGlobalSection
	GlobalSection(SolutionProperties) = preSolution
		HideSolutionNode = FALSE
	EndGlobalSection
	GlobalSection(NestedProjects) = preSolution
		{88A7EB46-42A7-40FF-820B-0DEB51026812} = {4D1D3960-F387-4AD3-B101-7E828776C220}
	EndGlobalSection
EndGlobal
